
Microsoft Visual Studio Solution File, Format Version 12.00
# Visual Studio 15
VisualStudioVersion = 15.0.28010.2046
MinimumVisualStudioVersion = 10.0.40219.1
Project("{8BC9CEB8-8B4A-11D0-8D11-00A0C91BC942}") = "OOPLab-02.Task_04", "OOPLab-02.Task_04\OOPLab-02.Task_04.vcxproj", "{8BF8D4C7-AA5A-4D2F-9B14-C5E02865FEF5}"
EndProject
Global
	GlobalSection(SolutionConfigurationPlatforms) = preSolution
		Debug|x64 = Debug|x64
		Debug|x86 = Debug|x86
		Release|x64 = Release|x64
		Release|x86 = Release|x86
	EndGlobalSection
	GlobalSection(ProjectConfigurationPlatforms) = postSolution
		{8BF8D4C7-AA5A-4D2F-9B14-C5E02865FEF5}.Debug|x64.ActiveCfg = Debug|x64
		{8BF8D4C7-AA5A-4D2F-9B14-C5E02865FEF5}.Debug|x64.Build.0 = Debug|x64
		{8BF8D4C7-AA5A-4D2F-9B14-C5E02865FEF5}.Debug|x86.ActiveCfg = Debug|Win32
		{8BF8D4C7-AA5A-4D2F-9B14-C5E02865FEF5}.Debug|x86.Build.0 = Debug|Win32
		{8BF8D4C7-AA5A-4D2F-9B14-C5E02865FEF5}.Release|x64.ActiveCfg = Release|x64
		{8BF8D4C7-AA5A-4D2F-9B14-C5E02865FEF5}.Release|x64.Build.0 = Release|x64
		{8BF8D4C7-AA5A-4D2F-9B14-C5E02865FEF5}.Release|x86.ActiveCfg = Release|Win32
		{8BF8D4C7-AA5A-4D2F-9B14-C5E02865FEF5}.Release|x86.Build.0 = Release|Win32
	EndGlobalSection
	GlobalSection(SolutionProperties) = preSolution
		HideSolutionNode = FALSE
	EndGlobalSection
	GlobalSection(ExtensibilityGlobals) = postSolution
		SolutionGuid = {B285E384-5B18-4861-9FB2-2CAB46E66BC7}
	EndGlobalSection
EndGlobal
